
Microsoft Visual Studio Solution File, Format Version 11.00
# Visual Studio 2010
# SharpDevelop 5.1
Project("{FAE04EC0-301F-11D3-BF4B-00C04F79EFBC}") = "agenda_c#", "agenda_c#\agenda_c#.csproj", "{1A0F1D09-028E-4D5A-ADA1-64E28426629D}"
EndProject
Global
	GlobalSection(SolutionConfigurationPlatforms) = preSolution
		Debug|Any CPU = Debug|Any CPU
		Release|Any CPU = Release|Any CPU
	EndGlobalSection
	GlobalSection(ProjectConfigurationPlatforms) = postSolution
		{1A0F1D09-028E-4D5A-ADA1-64E28426629D}.Debug|Any CPU.ActiveCfg = Debug|Any CPU
		{1A0F1D09-028E-4D5A-ADA1-64E28426629D}.Debug|Any CPU.Build.0 = Debug|Any CPU
		{1A0F1D09-028E-4D5A-ADA1-64E28426629D}.Release|Any CPU.ActiveCfg = Release|Any CPU
		{1A0F1D09-028E-4D5A-ADA1-64E28426629D}.Release|Any CPU.Build.0 = Release|Any CPU
	EndGlobalSection
EndGlobal
